{
  "name": "package",
  "version": "1.0.0",
  "lockfileVersion": 1,
  "requires": true,
  "dependencies": {
    "Validator": {
      "version": "1.1.4",
      "resolved": "https://registry.npmjs.org/Validator/-/Validator-1.1.4.tgz",
      "integrity": "sha512-rePH8CfglFIyHUOVlAr8GXmiLWD88Lfyn0RJU2Yqk09W8BBtGfkLrELj+Ok8L8F36kGr0/DLYCQLPKS1p+M/Ag=="
    },
    "validator": {
      "version": "13.7.0",
      "resolved": "https://registry.npmjs.org/validator/-/validator-13.7.0.tgz",
      "integrity": "sha512-nYXQLCBkpJ8X6ltALua9dRrZDHVYxjJ1wgskNt1lH9fzGjs3tgojGSCBjmEPwkWS1y29+DrizMTW19Pr9uB2nw=="
    }
  }
}
